
Microsoft Visual Studio Solution File, Format Version 12.00
# Visual Studio 15
VisualStudioVersion = 15.0.27703.2047
MinimumVisualStudioVersion = 10.0.40219.1
Project("{FAE04EC0-301F-11D3-BF4B-00C04F79EFBC}") = "WF4Max", "WF4Max.csproj", "{91C46C30-77D9-4F55-974D-4B75389A8089}"
EndProject
Global
	GlobalSection(SolutionConfigurationPlatforms) = preSolution
		Debug|Any CPU = Debug|Any CPU
		Release|Any CPU = Release|Any CPU
	EndGlobalSection
	GlobalSection(ProjectConfigurationPlatforms) = postSolution
		{91C46C30-77D9-4F55-974D-4B75389A8089}.Debug|Any CPU.ActiveCfg = Debug|Any CPU
		{91C46C30-77D9-4F55-974D-4B75389A8089}.Debug|Any CPU.Build.0 = Debug|Any CPU
		{91C46C30-77D9-4F55-974D-4B75389A8089}.Release|Any CPU.ActiveCfg = Release|Any CPU
		{91C46C30-77D9-4F55-974D-4B75389A8089}.Release|Any CPU.Build.0 = Release|Any CPU
	EndGlobalSection
	GlobalSection(SolutionProperties) = preSolution
		HideSolutionNode = FALSE
	EndGlobalSection
	GlobalSection(ExtensibilityGlobals) = postSolution
		SolutionGuid = {2E82707A-498C-418A-B3F7-4D6AB3D36D4F}
	EndGlobalSection
EndGlobal
